# This file is generated by running "yarn install" inside your project.
# Manual changes might be lost - proceed with caution!

__metadata:
  version: 8
  cacheKey: 10c0

"@latch/client@npm:^0.1.0, @latch/client@workspace:packages/client":
  version: 0.0.0-use.local
  resolution: "@latch/client@workspace:packages/client"
  languageName: unknown
  linkType: soft

"@latch/terminal-react@workspace:packages/terminal-react":
  version: 0.0.0-use.local
  resolution: "@latch/terminal-react@workspace:packages/terminal-react"
  dependencies:
    "@latch/client": "npm:^0.1.0"
    "@xterm/addon-fit": "npm:^0.10.0"
    "@xterm/xterm": "npm:^5.5.0"
  peerDependencies:
    react: ">=18"
  languageName: unknown
  linkType: soft

"@types/node@npm:^24.13.3":
  version: 24.13.3
  resolution: "@types/node@npm:24.13.3"
  dependencies:
    undici-types: "npm:~7.18.0"
  checksum: 10c0/a5bc08f49b9581dcdca90e02cd77197a3c799840807664942e5cd5161a553d4d2ae8064f7e3294410d748d7d098b5c1848be7fa50c06f29c4193ab16be4e59eb
  languageName: node
  linkType: hard

"@types/react-dom@npm:^19.2.3":
  version: 19.2.4
  resolution: "@types/react-dom@npm:19.2.4"
  peerDependencies:
    "@types/react": ^19.2.0
  checksum: 10c0/b7d854ce17bb51a3a067168268a90f0123d10dc490f63f1ff5409f07ac715febeb8f5b7b473404a9d437106571e0312fc2937a945634d590abfc9aa46a14b01b
  languageName: node
  linkType: hard

"@types/react@npm:^19.2.18":
  version: 19.2.18
  resolution: "@types/react@npm:19.2.18"
  dependencies:
    csstype: "npm:^3.2.2"
  checksum: 10c0/d04216172b4b4362b310017c210dfbe019fb4f4e7dffd0313e70b3acb3051d5c3e76e7e84e3cf4c6a3c824993ffadfe3949e589a6398a09d4200e7670e2962de
  languageName: node
  linkType: hard

"@xterm/addon-fit@npm:^0.10.0":
  version: 0.10.0
  resolution: "@xterm/addon-fit@npm:0.10.0"
  peerDependencies:
    "@xterm/xterm": ^5.0.0
  checksum: 10c0/76926120fc940376afef2cb68b15aec2a99fc628b6e3cc84f2bcb1682ca9b87f982b3c10ff206faf4ebc5b410467b81a7b5e83be37b4ac386586f472e4fa1c61
  languageName: node
  linkType: hard

"@xterm/xterm@npm:^5.5.0":
  version: 5.5.0
  resolution: "@xterm/xterm@npm:5.5.0"
  checksum: 10c0/358801feece58617d777b2783bec68dac1f52f736da3b0317f71a34f4e25431fb0b1920244f678b8d673f797145b4858c2a5ccb463a4a6df7c10c9093f1c9267
  languageName: node
  linkType: hard

"csstype@npm:^3.2.2":
  version: 3.2.3
  resolution: "csstype@npm:3.2.3"
  checksum: 10c0/cd29c51e70fa822f1cecd8641a1445bed7063697469d35633b516e60fe8c1bde04b08f6c5b6022136bb669b64c63d4173af54864510fbb4ee23281801841a3ce
  languageName: node
  linkType: hard

"root-workspace-0b6124@workspace:.":
  version: 0.0.0-use.local
  resolution: "root-workspace-0b6124@workspace:."
  dependencies:
    "@types/node": "npm:^24.13.3"
    "@types/react": "npm:^19.2.18"
    "@types/react-dom": "npm:^19.2.3"
    typescript: "npm:^5.9.3"
  languageName: unknown
  linkType: soft

"typescript@npm:^5.9.3":
  version: 5.9.3
  resolution: "typescript@npm:5.9.3"
  bin:
    tsc: bin/tsc
    tsserver: bin/tsserver
  checksum: 10c0/6bd7552ce39f97e711db5aa048f6f9995b53f1c52f7d8667c1abdc1700c68a76a308f579cd309ce6b53646deb4e9a1be7c813a93baaf0a28ccd536a30270e1c5
  languageName: node
  linkType: hard

"typescript@patch:typescript@npm%3A^5.9.3#optional!builtin<compat/typescript>":
  version: 5.9.3
  resolution: "typescript@patch:typescript@npm%3A5.9.3#optional!builtin<compat/typescript>::version=5.9.3&hash=5786d5"
  bin:
    tsc: bin/tsc
    tsserver: bin/tsserver
  checksum: 10c0/ad09fdf7a756814dce65bc60c1657b40d44451346858eea230e10f2e95a289d9183b6e32e5c11e95acc0ccc214b4f36289dcad4bf1886b0adb84d711d336a430
  languageName: node
  linkType: hard

"undici-types@npm:~7.18.0":
  version: 7.18.2
  resolution: "undici-types@npm:7.18.2"
  checksum: 10c0/85a79189113a238959d7a647368e4f7c5559c3a404ebdb8fc4488145ce9426fcd82252a844a302798dfc0e37e6fb178ff481ed03bc4caf634c5757d9ef43521d
  languageName: node
  linkType: hard
